
Microsoft Visual Studio Solution File, Format Version 12.00
# Visual Studio Version 16
VisualStudioVersion = 16.0.32002.261
MinimumVisualStudioVersion = 10.0.40219.1
Project("{8BC9CEB8-8B4A-11D0-8D11-00A0C91BC942}") = "AP", "AP.vcxproj", "{C7144F23-9B3B-467C-B11A-1AF9D18E9F29}"
EndProject
Global
	GlobalSection(SolutionConfigurationPlatforms) = preSolution
		Debug|x64 = Debug|x64
		Debug|x86 = Debug|x86
		Release|x64 = Release|x64
		Release|x86 = Release|x86
	EndGlobalSection
	GlobalSection(ProjectConfigurationPlatforms) = postSolution
		{C7144F23-9B3B-467C-B11A-1AF9D18E9F29}.Debug|x64.ActiveCfg = Debug|x64
		{C7144F23-9B3B-467C-B11A-1AF9D18E9F29}.Debug|x64.Build.0 = Debug|x64
		{C7144F23-9B3B-467C-B11A-1AF9D18E9F29}.Debug|x86.ActiveCfg = Debug|Win32
		{C7144F23-9B3B-467C-B11A-1AF9D18E9F29}.Debug|x86.Build.0 = Debug|Win32
		{C7144F23-9B3B-467C-B11A-1AF9D18E9F29}.Release|x64.ActiveCfg = Release|x64
		{C7144F23-9B3B-467C-B11A-1AF9D18E9F29}.Release|x64.Build.0 = Release|x64
		{C7144F23-9B3B-467C-B11A-1AF9D18E9F29}.Release|x86.ActiveCfg = Release|Win32
		{C7144F23-9B3B-467C-B11A-1AF9D18E9F29}.Release|x86.Build.0 = Release|Win32
	EndGlobalSection
	GlobalSection(SolutionProperties) = preSolution
		HideSolutionNode = FALSE
	EndGlobalSection
	GlobalSection(ExtensibilityGlobals) = postSolution
		SolutionGuid = {906E25A0-9D50-4562-9B49-11DDB3B34108}
	EndGlobalSection
EndGlobal
